{"version":4,"terraform_version":"1.12.0","serial":3,"lineage":"54639f59-40d6-734d-1759-b4ab8baade10","outputs":{},"resources":[{"mode":"managed","type":"helm_release","name":"prometheus_stack","provider":"provider[\"registry.opentofu.org/hashicorp/helm\"]","instances":[{"schema_version":1,"attributes":{"atomic":false,"chart":"kube-prometheus-stack","cleanup_on_fail":false,"create_namespace":false,"dependency_update":false,"description":null,"devel":null,"disable_crd_hooks":false,"disable_openapi_validation":false,"disable_webhooks":false,"force_update":false,"id":"kube-prometheus-stack","keyring":null,"lint":false,"manifest":null,"max_history":0,"metadata":[{"app_version":"v0.90.1","chart":"kube-prometheus-stack","name":"kube-prometheus-stack","namespace":"monitoring","revision":1,"values":"{}","version":"85.3.2"}],"name":"kube-prometheus-stack","namespace":"monitoring","pass_credentials":false,"postrender":[],"recreate_pods":false,"render_subchart_notes":true,"replace":false,"repository":"https://prometheus-community.github.io/helm-charts","repository_ca_file":null,"repository_cert_file":null,"repository_key_file":null,"repository_password":null,"repository_username":null,"reset_values":false,"reuse_values":false,"set":[],"set_list":[],"set_sensitive":[],"skip_crds":false,"status":"deployed","timeout":300,"values":null,"verify":false,"version":"85.3.2","wait":true,"wait_for_jobs":false},"sensitive_attributes":[[{"type":"get_attr","value":"repository_password"}]],"private":"eyJzY2hlbWFfdmVyc2lvbiI6IjEifQ==","dependencies":["kubernetes_namespace.monitoring"]}]},{"mode":"managed","type":"kubernetes_namespace","name":"monitoring","provider":"provider[\"registry.opentofu.org/hashicorp/kubernetes\"]","instances":[{"schema_version":0,"attributes":{"id":"monitoring","metadata":[{"annotations":{},"generate_name":"","generation":0,"labels":{},"name":"monitoring","resource_version":"6394","uid":"91322a18-4ca0-4b7b-bf2f-df8618131b41"}],"timeouts":null,"wait_for_default_service_account":false},"sensitive_attributes":[],"private":"eyJlMmJmYjczMC1lY2FhLTExZTYtOGY4OC0zNDM2M2JjN2M0YzAiOnsiZGVsZXRlIjozMDAwMDAwMDAwMDB9fQ=="}]}],"check_results":null}
